
Microsoft Visual Studio Solution File, Format Version 12.00
# Visual Studio 15
VisualStudioVersion = 15.0.27004.2002
MinimumVisualStudioVersion = 10.0.40219.1
Project("{2150E333-8FDC-42A3-9474-1A3956D46DE8}") = "Solution Items", "Solution Items", "{49D441DF-39FD-4F4D-AECA-86CF8EFE23AF}"
	ProjectSection(SolutionItems) = preProject
		.editorconfig = .editorconfig
		.gitattributes = .gitattributes
		.gitignore = .gitignore
		.travis.yml = .travis.yml
		appveyor.yml = appveyor.yml
		build.cake = build.cake
		BUILDING.md = BUILDING.md
		CHANGES.txt = CHANGES.txt
		CONTRIBUTING.md = CONTRIBUTING.md
		LICENSE.txt = LICENSE.txt
		NOTICES.txt = NOTICES.txt
		NuGet.config = NuGet.config
		nunit.ico = nunit.ico
		README.md = README.md
		src/Directory.Build.props = src/Directory.Build.props
	EndProjectSection
EndProject
Project("{2150E333-8FDC-42A3-9474-1A3956D46DE8}") = "nuget", "nuget", "{A972031D-2F61-4183-AF75-99EE1A9F6B32}"
EndProject
Project("{2150E333-8FDC-42A3-9474-1A3956D46DE8}") = "NUnitEngine", "NUnitEngine", "{31B45C4C-206F-4F31-9CC6-33BF11DFEE39}"
EndProject
Project("{9A19103F-16F7-4668-BE54-9A1E7A4F7556}") = "nunit.engine.api", "src\NUnitEngine\nunit.engine.api\nunit.engine.api.csproj", "{775FAD50-3623-4922-97C4-DFB29A8BE4C7}"
EndProject
Project("{9A19103F-16F7-4668-BE54-9A1E7A4F7556}") = "nunit.engine", "src\NUnitEngine\nunit.engine\nunit.engine.csproj", "{372A3447-D657-40FF-A089-77C19FEC30C8}"
EndProject
Project("{9A19103F-16F7-4668-BE54-9A1E7A4F7556}") = "nunit.engine.tests", "src\NUnitEngine\nunit.engine.tests\nunit.engine.tests.csproj", "{D694CB69-6CFB-4762-86C2-EB27B808B282}"
	ProjectSection(ProjectDependencies) = postProject
		{B1D90742-39BD-429C-8E87-C5CD2991DF27} = {B1D90742-39BD-429C-8E87-C5CD2991DF27}
		{C2A8FC7A-FA64-46EA-AF6D-73D6B371DBF8} = {C2A8FC7A-FA64-46EA-AF6D-73D6B371DBF8}
		{28B605B2-E2E9-417E-8369-49E263F1F31B} = {28B605B2-E2E9-417E-8369-49E263F1F31B}
		{0DE218CA-AFB8-423A-9CD2-E22DEAC55C46} = {0DE218CA-AFB8-423A-9CD2-E22DEAC55C46}
	EndProjectSection
EndProject
Project("{9A19103F-16F7-4668-BE54-9A1E7A4F7556}") = "nunit-agent", "src\NUnitEngine\nunit-agent\nunit-agent.csproj", "{C2A8FC7A-FA64-46EA-AF6D-73D6B371DBF8}"
EndProject
Project("{2150E333-8FDC-42A3-9474-1A3956D46DE8}") = "NUnitConsole", "NUnitConsole", "{576DB1E6-C5EC-4FEF-A826-EC19D8BEE572}"
EndProject
Project("{9A19103F-16F7-4668-BE54-9A1E7A4F7556}") = "nunit3-console", "src\NUnitConsole\nunit3-console\nunit3-console.csproj", "{0DE218CA-AFB8-423A-9CD2-E22DEAC55C46}"
EndProject
Project("{9A19103F-16F7-4668-BE54-9A1E7A4F7556}") = "nunit3-console.tests", "src\NUnitConsole\nunit3-console.tests\nunit3-console.tests.csproj", "{B310A760-8AE1-41CA-81F8-03B12E2FCE30}"
	ProjectSection(ProjectDependencies) = postProject
		{B1D90742-39BD-429C-8E87-C5CD2991DF27} = {B1D90742-39BD-429C-8E87-C5CD2991DF27}
		{D694CB69-6CFB-4762-86C2-EB27B808B282} = {D694CB69-6CFB-4762-86C2-EB27B808B282}
		{C2A8FC7A-FA64-46EA-AF6D-73D6B371DBF8} = {C2A8FC7A-FA64-46EA-AF6D-73D6B371DBF8}
		{28B605B2-E2E9-417E-8369-49E263F1F31B} = {28B605B2-E2E9-417E-8369-49E263F1F31B}
	EndProjectSection
EndProject
Project("{9A19103F-16F7-4668-BE54-9A1E7A4F7556}") = "nunit-agent-x86", "src\NUnitEngine\nunit-agent\nunit-agent-x86.csproj", "{28B605B2-E2E9-417E-8369-49E263F1F31B}"
EndProject
Project("{2150E333-8FDC-42A3-9474-1A3956D46DE8}") = "engine", "engine", "{43A219A8-2995-4884-806F-FDB9CD25D403}"
	ProjectSection(SolutionItems) = preProject
		nuget\engine\nunit.engine.api.nuspec = nuget\engine\nunit.engine.api.nuspec
		nuget\engine\nunit.engine.nuspec = nuget\engine\nunit.engine.nuspec
		nuget\engine\nunit.nuget.addins = nuget\engine\nunit.nuget.addins
	EndProjectSection
EndProject
Project("{2150E333-8FDC-42A3-9474-1A3956D46DE8}") = "runners", "runners", "{F3E87D0F-6F06-4C0B-AE06-42C0834C3C6E}"
	ProjectSection(SolutionItems) = preProject
		nuget\runners\nunit.console-runner-with-extensions.nuspec = nuget\runners\nunit.console-runner-with-extensions.nuspec
		nuget\runners\nunit.console-runner.nuspec = nuget\runners\nunit.console-runner.nuspec
	EndProjectSection
EndProject
Project("{9A19103F-16F7-4668-BE54-9A1E7A4F7556}") = "mock-assembly", "src\NUnitEngine\mock-assembly\mock-assembly.csproj", "{D2C80E4B-1117-4F02-AB02-E453BDA0C58E}"
EndProject
Project("{9A19103F-16F7-4668-BE54-9A1E7A4F7556}") = "notest-assembly", "src\NUnitEngine\notest-assembly\notest-assembly.csproj", "{B1D90742-39BD-429C-8E87-C5CD2991DF27}"
EndProject
Project("{2150E333-8FDC-42A3-9474-1A3956D46DE8}") = "choco", "choco", "{4FDF7BFA-A337-41D3-898D-C6A98278E6AD}"
	ProjectSection(SolutionItems) = preProject
		choco\nunit-agent-x86.exe.ignore = choco\nunit-agent-x86.exe.ignore
		choco\nunit-agent.exe.ignore = choco\nunit-agent.exe.ignore
		choco\nunit-console-runner.nuspec = choco\nunit-console-runner.nuspec
		choco\nunit-console-with-extensions.nuspec = choco\nunit-console-with-extensions.nuspec
	EndProjectSection
EndProject
Project("{2150E333-8FDC-42A3-9474-1A3956D46DE8}") = "deprecated", "deprecated", "{9A7C8370-ED1F-486F-A8F5-C5BF4221464E}"
	ProjectSection(SolutionItems) = preProject
		nuget\deprecated\nunit.engine.netstandard.nuspec = nuget\deprecated\nunit.engine.netstandard.nuspec
		nuget\deprecated\nunit.runners.nuspec = nuget\deprecated\nunit.runners.nuspec
	EndProjectSection
EndProject
Global
	GlobalSection(SolutionConfigurationPlatforms) = preSolution
		Debug|Any CPU = Debug|Any CPU
		Release|Any CPU = Release|Any CPU
	EndGlobalSection
	GlobalSection(ProjectConfigurationPlatforms) = postSolution
		{775FAD50-3623-4922-97C4-DFB29A8BE4C7}.Debug|Any CPU.ActiveCfg = Debug|Any CPU
		{775FAD50-3623-4922-97C4-DFB29A8BE4C7}.Debug|Any CPU.Build.0 = Debug|Any CPU
		{775FAD50-3623-4922-97C4-DFB29A8BE4C7}.Release|Any CPU.ActiveCfg = Release|Any CPU
		{775FAD50-3623-4922-97C4-DFB29A8BE4C7}.Release|Any CPU.Build.0 = Release|Any CPU
		{372A3447-D657-40FF-A089-77C19FEC30C8}.Debug|Any CPU.ActiveCfg = Debug|Any CPU
		{372A3447-D657-40FF-A089-77C19FEC30C8}.Debug|Any CPU.Build.0 = Debug|Any CPU
		{372A3447-D657-40FF-A089-77C19FEC30C8}.Release|Any CPU.ActiveCfg = Release|Any CPU
		{372A3447-D657-40FF-A089-77C19FEC30C8}.Release|Any CPU.Build.0 = Release|Any CPU
		{D694CB69-6CFB-4762-86C2-EB27B808B282}.Debug|Any CPU.ActiveCfg = Debug|Any CPU
		{D694CB69-6CFB-4762-86C2-EB27B808B282}.Debug|Any CPU.Build.0 = Debug|Any CPU
		{D694CB69-6CFB-4762-86C2-EB27B808B282}.Release|Any CPU.ActiveCfg = Release|Any CPU
		{D694CB69-6CFB-4762-86C2-EB27B808B282}.Release|Any CPU.Build.0 = Release|Any CPU
		{C2A8FC7A-FA64-46EA-AF6D-73D6B371DBF8}.Debug|Any CPU.ActiveCfg = Debug|Any CPU
		{C2A8FC7A-FA64-46EA-AF6D-73D6B371DBF8}.Debug|Any CPU.Build.0 = Debug|Any CPU
		{C2A8FC7A-FA64-46EA-AF6D-73D6B371DBF8}.Release|Any CPU.ActiveCfg = Release|Any CPU
		{C2A8FC7A-FA64-46EA-AF6D-73D6B371DBF8}.Release|Any CPU.Build.0 = Release|Any CPU
		{0DE218CA-AFB8-423A-9CD2-E22DEAC55C46}.Debug|Any CPU.ActiveCfg = Debug|Any CPU
		{0DE218CA-AFB8-423A-9CD2-E22DEAC55C46}.Debug|Any CPU.Build.0 = Debug|Any CPU
		{0DE218CA-AFB8-423A-9CD2-E22DEAC55C46}.Release|Any CPU.ActiveCfg = Release|Any CPU
		{0DE218CA-AFB8-423A-9CD2-E22DEAC55C46}.Release|Any CPU.Build.0 = Release|Any CPU
		{B310A760-8AE1-41CA-81F8-03B12E2FCE30}.Debug|Any CPU.ActiveCfg = Debug|Any CPU
		{B310A760-8AE1-41CA-81F8-03B12E2FCE30}.Debug|Any CPU.Build.0 = Debug|Any CPU
		{B310A760-8AE1-41CA-81F8-03B12E2FCE30}.Release|Any CPU.ActiveCfg = Release|Any CPU
		{B310A760-8AE1-41CA-81F8-03B12E2FCE30}.Release|Any CPU.Build.0 = Release|Any CPU
		{28B605B2-E2E9-417E-8369-49E263F1F31B}.Debug|Any CPU.ActiveCfg = Debug|Any CPU
		{28B605B2-E2E9-417E-8369-49E263F1F31B}.Debug|Any CPU.Build.0 = Debug|Any CPU
		{28B605B2-E2E9-417E-8369-49E263F1F31B}.Release|Any CPU.ActiveCfg = Release|Any CPU
		{28B605B2-E2E9-417E-8369-49E263F1F31B}.Release|Any CPU.Build.0 = Release|Any CPU
		{D2C80E4B-1117-4F02-AB02-E453BDA0C58E}.Debug|Any CPU.ActiveCfg = Debug|Any CPU
		{D2C80E4B-1117-4F02-AB02-E453BDA0C58E}.Debug|Any CPU.Build.0 = Debug|Any CPU
		{D2C80E4B-1117-4F02-AB02-E453BDA0C58E}.Release|Any CPU.ActiveCfg = Release|Any CPU
		{D2C80E4B-1117-4F02-AB02-E453BDA0C58E}.Release|Any CPU.Build.0 = Release|Any CPU
		{B1D90742-39BD-429C-8E87-C5CD2991DF27}.Debug|Any CPU.ActiveCfg = Debug|Any CPU
		{B1D90742-39BD-429C-8E87-C5CD2991DF27}.Debug|Any CPU.Build.0 = Debug|Any CPU
		{B1D90742-39BD-429C-8E87-C5CD2991DF27}.Release|Any CPU.ActiveCfg = Release|Any CPU
		{B1D90742-39BD-429C-8E87-C5CD2991DF27}.Release|Any CPU.Build.0 = Release|Any CPU
	EndGlobalSection
	GlobalSection(SolutionProperties) = preSolution
		HideSolutionNode = FALSE
	EndGlobalSection
	GlobalSection(NestedProjects) = preSolution
		{A972031D-2F61-4183-AF75-99EE1A9F6B32} = {49D441DF-39FD-4F4D-AECA-86CF8EFE23AF}
		{775FAD50-3623-4922-97C4-DFB29A8BE4C7} = {31B45C4C-206F-4F31-9CC6-33BF11DFEE39}
		{372A3447-D657-40FF-A089-77C19FEC30C8} = {31B45C4C-206F-4F31-9CC6-33BF11DFEE39}
		{D694CB69-6CFB-4762-86C2-EB27B808B282} = {31B45C4C-206F-4F31-9CC6-33BF11DFEE39}
		{C2A8FC7A-FA64-46EA-AF6D-73D6B371DBF8} = {31B45C4C-206F-4F31-9CC6-33BF11DFEE39}
		{0DE218CA-AFB8-423A-9CD2-E22DEAC55C46} = {576DB1E6-C5EC-4FEF-A826-EC19D8BEE572}
		{B310A760-8AE1-41CA-81F8-03B12E2FCE30} = {576DB1E6-C5EC-4FEF-A826-EC19D8BEE572}
		{28B605B2-E2E9-417E-8369-49E263F1F31B} = {31B45C4C-206F-4F31-9CC6-33BF11DFEE39}
		{43A219A8-2995-4884-806F-FDB9CD25D403} = {A972031D-2F61-4183-AF75-99EE1A9F6B32}
		{F3E87D0F-6F06-4C0B-AE06-42C0834C3C6E} = {A972031D-2F61-4183-AF75-99EE1A9F6B32}
		{D2C80E4B-1117-4F02-AB02-E453BDA0C58E} = {31B45C4C-206F-4F31-9CC6-33BF11DFEE39}
		{B1D90742-39BD-429C-8E87-C5CD2991DF27} = {31B45C4C-206F-4F31-9CC6-33BF11DFEE39}
		{4FDF7BFA-A337-41D3-898D-C6A98278E6AD} = {49D441DF-39FD-4F4D-AECA-86CF8EFE23AF}
		{9A7C8370-ED1F-486F-A8F5-C5BF4221464E} = {A972031D-2F61-4183-AF75-99EE1A9F6B32}
	EndGlobalSection
	GlobalSection(ExtensibilityGlobals) = postSolution
		SolutionGuid = {D8E4FC26-5422-4C51-8BBC-D1AC0A578711}
	EndGlobalSection
	GlobalSection(MonoDevelopProperties) = preSolution
		StartupItem = src\NUnitFramework\tests\nunitlite.tests-2.0.csproj
		{28B605B2-E2E9-417E-8369-49E263F1F31B} = {31B45C4C-206F-4F31-9CC6-33BF11DFEE39}
		{FFF45826-991F-465B-8A03-0E1DB7E8F38C} = {31B45C4C-206F-4F31-9CC6-33BF11DFEE39}
		{11640C9F-03A3-456B-848D-9B4A126F9506} = {31B45C4C-206F-4F31-9CC6-33BF11DFEE39}
	EndGlobalSection
EndGlobal
