
Microsoft Visual Studio Solution File, Format Version 12.00
# Visual Studio Version 17
VisualStudioVersion = 17.0.32112.339
MinimumVisualStudioVersion = 10.0.40219.1
Project("{2150E333-8FDC-42A3-9474-1A3956D46DE8}") = "Solution Items", "Solution Items", "{49D441DF-39FD-4F4D-AECA-86CF8EFE23AF}"
	ProjectSection(SolutionItems) = preProject
		.editorconfig = .editorconfig
		.gitattributes = .gitattributes
		.gitignore = .gitignore
		appveyor.yml = appveyor.yml
		azure-pipelines.yml = azure-pipelines.yml
		build.cake = build.cake
		build.ps1 = build.ps1
		build.sh = build.sh
		BUILDING.md = BUILDING.md
		CHANGES.txt = CHANGES.txt
		CONTRIBUTING.md = CONTRIBUTING.md
		src\Directory.Build.props = src\Directory.Build.props
		GitReleaseManager.yaml = GitReleaseManager.yaml
		GitVersion.yml = GitVersion.yml
		global.json = global.json
		LICENSE.txt = LICENSE.txt
		MixedTests.nunit = MixedTests.nunit
		NetCoreTests.nunit = NetCoreTests.nunit
		NOTICES.txt = NOTICES.txt
		NuGet.config = NuGet.config
		src\Nullable.props = src\Nullable.props
		nunit.ico = nunit.ico
		package-tests.cake = package-tests.cake
		README.md = README.md
		src\StyleCop.Analyzers.globalconfig = src\StyleCop.Analyzers.globalconfig
		VERSIONING.md = VERSIONING.md
	EndProjectSection
EndProject
Project("{2150E333-8FDC-42A3-9474-1A3956D46DE8}") = "nuget", "nuget", "{A972031D-2F61-4183-AF75-99EE1A9F6B32}"
EndProject
Project("{2150E333-8FDC-42A3-9474-1A3956D46DE8}") = "NUnitEngine", "NUnitEngine", "{31B45C4C-206F-4F31-9CC6-33BF11DFEE39}"
	ProjectSection(SolutionItems) = preProject
		src\NUnitEngine\Directory.Build.props = src\NUnitEngine\Directory.Build.props
	EndProjectSection
EndProject
Project("{9A19103F-16F7-4668-BE54-9A1E7A4F7556}") = "nunit.engine.api", "src\NUnitEngine\nunit.engine.api\nunit.engine.api.csproj", "{775FAD50-3623-4922-97C4-DFB29A8BE4C7}"
EndProject
Project("{9A19103F-16F7-4668-BE54-9A1E7A4F7556}") = "nunit.engine", "src\NUnitEngine\nunit.engine\nunit.engine.csproj", "{372A3447-D657-40FF-A089-77C19FEC30C8}"
EndProject
Project("{9A19103F-16F7-4668-BE54-9A1E7A4F7556}") = "nunit.engine.tests", "src\NUnitEngine\nunit.engine.tests\nunit.engine.tests.csproj", "{D694CB69-6CFB-4762-86C2-EB27B808B282}"
	ProjectSection(ProjectDependencies) = postProject
		{B1D90742-39BD-429C-8E87-C5CD2991DF27} = {B1D90742-39BD-429C-8E87-C5CD2991DF27}
	EndProjectSection
EndProject
Project("{2150E333-8FDC-42A3-9474-1A3956D46DE8}") = "NUnitConsole", "NUnitConsole", "{576DB1E6-C5EC-4FEF-A826-EC19D8BEE572}"
	ProjectSection(SolutionItems) = preProject
		src\NUnitConsole\Directory.Build.props = src\NUnitConsole\Directory.Build.props
	EndProjectSection
EndProject
Project("{2150E333-8FDC-42A3-9474-1A3956D46DE8}") = "engine", "engine", "{43A219A8-2995-4884-806F-FDB9CD25D403}"
	ProjectSection(SolutionItems) = preProject
		nuget\engine\nunit.engine.api.nuspec = nuget\engine\nunit.engine.api.nuspec
		nuget\engine\nunit.engine.nuget.addins = nuget\engine\nunit.engine.nuget.addins
		nuget\engine\nunit.engine.nuspec = nuget\engine\nunit.engine.nuspec
	EndProjectSection
EndProject
Project("{2150E333-8FDC-42A3-9474-1A3956D46DE8}") = "runners", "runners", "{F3E87D0F-6F06-4C0B-AE06-42C0834C3C6E}"
	ProjectSection(SolutionItems) = preProject
		nuget\runners\DotnetToolSettings.xml = nuget\runners\DotnetToolSettings.xml
		nuget\runners\nunit.console-runner-with-extensions.nuspec = nuget\runners\nunit.console-runner-with-extensions.nuspec
		nuget\runners\nunit.console-runner.netcore.nuspec = nuget\runners\nunit.console-runner.netcore.nuspec
		nuget\runners\nunit.console-runner.nuspec = nuget\runners\nunit.console-runner.nuspec
		nuget\runners\nunit.console.nuget.addins = nuget\runners\nunit.console.nuget.addins
	EndProjectSection
EndProject
Project("{9A19103F-16F7-4668-BE54-9A1E7A4F7556}") = "mock-assembly", "src\TestData\mock-assembly\mock-assembly.csproj", "{D2C80E4B-1117-4F02-AB02-E453BDA0C58E}"
EndProject
Project("{9A19103F-16F7-4668-BE54-9A1E7A4F7556}") = "notest-assembly", "src\TestData\notest-assembly\notest-assembly.csproj", "{B1D90742-39BD-429C-8E87-C5CD2991DF27}"
EndProject
Project("{2150E333-8FDC-42A3-9474-1A3956D46DE8}") = "choco", "choco", "{4FDF7BFA-A337-41D3-898D-C6A98278E6AD}"
	ProjectSection(SolutionItems) = preProject
		choco\nunit-agent-x86.exe.ignore = choco\nunit-agent-x86.exe.ignore
		choco\nunit-agent.exe.ignore = choco\nunit-agent.exe.ignore
		choco\nunit-console-runner.nuspec = choco\nunit-console-runner.nuspec
		choco\nunit.choco.addins = choco\nunit.choco.addins
		choco\VERIFICATION.txt = choco\VERIFICATION.txt
	EndProjectSection
EndProject
Project("{2150E333-8FDC-42A3-9474-1A3956D46DE8}") = "deprecated", "deprecated", "{9A7C8370-ED1F-486F-A8F5-C5BF4221464E}"
	ProjectSection(SolutionItems) = preProject
		nuget\deprecated\nunit.engine.netstandard.nuspec = nuget\deprecated\nunit.engine.netstandard.nuspec
		nuget\deprecated\nunit.runners.nuspec = nuget\deprecated\nunit.runners.nuspec
	EndProjectSection
EndProject
Project("{9A19103F-16F7-4668-BE54-9A1E7A4F7556}") = "mock-assembly-x86", "src\TestData\mock-assembly-x86\mock-assembly-x86.csproj", "{9D3015EE-5B84-41B3-A1D3-1A439370C392}"
EndProject
Project("{2150E333-8FDC-42A3-9474-1A3956D46DE8}") = "deprecated", "deprecated", "{068F6CA9-6108-4F45-8540-351AA5227259}"
	ProjectSection(SolutionItems) = preProject
		choco\deprecated\nunit-console-with-extensions.nuspec = choco\deprecated\nunit-console-with-extensions.nuspec
	EndProjectSection
EndProject
Project("{2150E333-8FDC-42A3-9474-1A3956D46DE8}") = "TestData", "TestData", "{37D508B2-91E0-4B32-869B-DFF9E68EA213}"
EndProject
Project("{2150E333-8FDC-42A3-9474-1A3956D46DE8}") = "agents", "agents", "{1704B7B2-5AD3-44EA-AB26-445C4E4E2C54}"
EndProject
Project("{9A19103F-16F7-4668-BE54-9A1E7A4F7556}") = "nunit-agent-net462", "src\NUnitEngine\agents\nunit-agent-net462\nunit-agent-net462.csproj", "{E4041712-A1F1-479D-A7F7-89F491066163}"
EndProject
Project("{9A19103F-16F7-4668-BE54-9A1E7A4F7556}") = "nunit-agent-net462-x86", "src\NUnitEngine\agents\nunit-agent-net462-x86\nunit-agent-net462-x86.csproj", "{D4AE483A-D4E1-4892-AF87-3607FBA8755F}"
EndProject
Project("{9A19103F-16F7-4668-BE54-9A1E7A4F7556}") = "nunit4-console", "src\NUnitConsole\nunit4-console\nunit4-console.csproj", "{E1F5F8D3-4AC4-4BB0-9438-2BF41768B473}"
EndProject
Project("{9A19103F-16F7-4668-BE54-9A1E7A4F7556}") = "nunit4-console.tests", "src\NUnitConsole\nunit4-console.tests\nunit4-console.tests.csproj", "{0D6B575A-93B4-4944-B4C0-68CDD413B904}"
EndProject
Project("{9A19103F-16F7-4668-BE54-9A1E7A4F7556}") = "nunit4-netcore-console", "src\NUnitConsole\nunit4-netcore-console\nunit4-netcore-console.csproj", "{9667833E-A037-41C9-A3BC-D218903EF670}"
EndProject
Project("{9A19103F-16F7-4668-BE54-9A1E7A4F7556}") = "aspnetcore-test", "src\TestData\aspnetcore-test\aspnetcore-test.csproj", "{7CD5F602-368E-41E3-8C61-42093CB12D70}"
EndProject
Project("{9A19103F-16F7-4668-BE54-9A1E7A4F7556}") = "windows-test", "src\TestData\windows-test\windows-test.csproj", "{5BD1B0BA-6DD3-4619-B5E0-4FFF19F941C2}"
EndProject
Project("{2150E333-8FDC-42A3-9474-1A3956D46DE8}") = ".github", ".github", "{B25157A1-B3CD-40FB-89F2-A7206C0B553A}"
EndProject
Project("{2150E333-8FDC-42A3-9474-1A3956D46DE8}") = "workflows", "workflows", "{9375E2BF-5AF9-4773-A5D1-EA16D9006940}"
	ProjectSection(SolutionItems) = preProject
		.github\workflows\NUnitConsoleAndEngine.CI.yml = .github\workflows\NUnitConsoleAndEngine.CI.yml
		.github\workflows\PublishDraftRelease.yml = .github\workflows\PublishDraftRelease.yml
	EndProjectSection
EndProject
Project("{2150E333-8FDC-42A3-9474-1A3956D46DE8}") = ".config", ".config", "{0F76DA4A-58B9-4B45-BEC5-259105570D11}"
EndProject
Project("{9A19103F-16F7-4668-BE54-9A1E7A4F7556}") = "nunit-agent-net80", "src\NUnitEngine\agents\nunit-agent-net80\nunit-agent-net80.csproj", "{CD357A8B-BE40-4F63-92DA-A71B94EE47E4}"
EndProject
Project("{9A19103F-16F7-4668-BE54-9A1E7A4F7556}") = "AppContextTest", "src\TestData\AppContextTest\AppContextTest.csproj", "{E79A3CCD-07E2-4C50-B8BF-1C5844720725}"
EndProject
Project("{9A19103F-16F7-4668-BE54-9A1E7A4F7556}") = "InvalidTestNames", "src\TestData\InvalidTestNames\InvalidTestNames.csproj", "{48DF1E40-93BA-436A-B460-5D1130316ADA}"
EndProject
Project("{9A19103F-16F7-4668-BE54-9A1E7A4F7556}") = "WpfTest", "src\TestData\wpf-test\WpfTest.csproj", "{2F9D8932-2186-464F-BED6-7D7979C8FFA6}"
EndProject
Project("{9A19103F-16F7-4668-BE54-9A1E7A4F7556}") = "WpfApp", "src\TestData\WpfApp\WpfApp.csproj", "{93D182B7-2F63-4661-BB32-94F1716CF03F}"
EndProject
Project("{2150E333-8FDC-42A3-9474-1A3956D46DE8}") = "OlderNUnit", "OlderNUnit", "{D31607D2-D689-488B-9F9F-92F47AC1D7F6}"
EndProject
Project("{9A19103F-16F7-4668-BE54-9A1E7A4F7556}") = "NUnit3.0", "src\TestData\NUnit3.0\NUnit3.0.csproj", "{2448CE80-59AA-41B7-83A0-768BE5520F7A}"
EndProject
Project("{9A19103F-16F7-4668-BE54-9A1E7A4F7556}") = "NUnit3.0.1", "src\TestData\NUnit3.0.1\NUnit3.0.1.csproj", "{56416AD9-8E7B-4F72-B0E1-E75A024431F8}"
EndProject
Project("{9A19103F-16F7-4668-BE54-9A1E7A4F7556}") = "NUnit3.2", "src\TestData\NUnit3.2\NUnit3.2.csproj", "{8AFBB856-700A-4CCC-AE0E-9B622178E1E0}"
EndProject
Project("{9A19103F-16F7-4668-BE54-9A1E7A4F7556}") = "NUnit3.10", "src\TestData\NUnit3.10\NUnit3.10.csproj", "{0555B97D-E918-455B-951C-74EFCDA8790A}"
EndProject
Project("{2150E333-8FDC-42A3-9474-1A3956D46DE8}") = "NUnitCommon", "NUnitCommon", "{3B30D2E5-1587-4D68-B848-1BDDB3C24BFC}"
	ProjectSection(SolutionItems) = preProject
		src\NUnitCommon\Directory.Build.props = src\NUnitCommon\Directory.Build.props
	EndProjectSection
EndProject
Project("{9A19103F-16F7-4668-BE54-9A1E7A4F7556}") = "nunit.extensibility.api", "src\NUnitCommon\nunit.extensibility.api\nunit.extensibility.api.csproj", "{71DE0F2C-C72B-4CBF-99BE-F2DC0FBEDA24}"
EndProject
Project("{9A19103F-16F7-4668-BE54-9A1E7A4F7556}") = "nunit.extensibility", "src\NUnitCommon\nunit.extensibility\nunit.extensibility.csproj", "{49E8B583-37C2-4166-8007-3DB780D01004}"
EndProject
Project("{9A19103F-16F7-4668-BE54-9A1E7A4F7556}") = "nunit.extensibility.tests", "src\NUnitCommon\nunit.extensibility.tests\nunit.extensibility.tests.csproj", "{B22FEE5B-83D4-4021-B066-1B958332D391}"
EndProject
Project("{9A19103F-16F7-4668-BE54-9A1E7A4F7556}") = "nunit.common", "src\NUnitCommon\nunit.common\nunit.common.csproj", "{9D9CAD66-8EDF-4ED0-A222-503BE9B21EC7}"
EndProject
Project("{9A19103F-16F7-4668-BE54-9A1E7A4F7556}") = "nunit.common.tests", "src\NUnitCommon\nunit.common.tests\nunit.common.tests.csproj", "{6605DA54-EBF4-4ED1-B5BC-B607AD0CE308}"
EndProject
Project("{9A19103F-16F7-4668-BE54-9A1E7A4F7556}") = "nunit.agent.core", "src\NUnitCommon\nunit.agent.core\nunit.agent.core.csproj", "{4FCFAF1C-1579-4A1C-BAF9-9627E39D7CDA}"
EndProject
Project("{9A19103F-16F7-4668-BE54-9A1E7A4F7556}") = "nunit.agent.core.tests", "src\NUnitCommon\nunit.agent.core.tests\nunit.agent.core.tests.csproj", "{89258A3E-5B62-487A-9AE7-D7672CBF61F1}"
EndProject
Project("{FAE04EC0-301F-11D3-BF4B-00C04F79EFBC}") = "FakeExtensions", "src\TestData\FakeExtensions\FakeExtensions.csproj", "{608AA86D-4090-33CA-0031-BD324E5A766E}"
EndProject
Global
	GlobalSection(SolutionConfigurationPlatforms) = preSolution
		Debug|Any CPU = Debug|Any CPU
		Release|Any CPU = Release|Any CPU
	EndGlobalSection
	GlobalSection(ProjectConfigurationPlatforms) = postSolution
		{775FAD50-3623-4922-97C4-DFB29A8BE4C7}.Debug|Any CPU.ActiveCfg = Debug|Any CPU
		{775FAD50-3623-4922-97C4-DFB29A8BE4C7}.Debug|Any CPU.Build.0 = Debug|Any CPU
		{775FAD50-3623-4922-97C4-DFB29A8BE4C7}.Release|Any CPU.ActiveCfg = Release|Any CPU
		{775FAD50-3623-4922-97C4-DFB29A8BE4C7}.Release|Any CPU.Build.0 = Release|Any CPU
		{372A3447-D657-40FF-A089-77C19FEC30C8}.Debug|Any CPU.ActiveCfg = Debug|Any CPU
		{372A3447-D657-40FF-A089-77C19FEC30C8}.Debug|Any CPU.Build.0 = Debug|Any CPU
		{372A3447-D657-40FF-A089-77C19FEC30C8}.Release|Any CPU.ActiveCfg = Release|Any CPU
		{372A3447-D657-40FF-A089-77C19FEC30C8}.Release|Any CPU.Build.0 = Release|Any CPU
		{D694CB69-6CFB-4762-86C2-EB27B808B282}.Debug|Any CPU.ActiveCfg = Debug|Any CPU
		{D694CB69-6CFB-4762-86C2-EB27B808B282}.Debug|Any CPU.Build.0 = Debug|Any CPU
		{D694CB69-6CFB-4762-86C2-EB27B808B282}.Release|Any CPU.ActiveCfg = Release|Any CPU
		{D694CB69-6CFB-4762-86C2-EB27B808B282}.Release|Any CPU.Build.0 = Release|Any CPU
		{D2C80E4B-1117-4F02-AB02-E453BDA0C58E}.Debug|Any CPU.ActiveCfg = Debug|Any CPU
		{D2C80E4B-1117-4F02-AB02-E453BDA0C58E}.Debug|Any CPU.Build.0 = Debug|Any CPU
		{D2C80E4B-1117-4F02-AB02-E453BDA0C58E}.Release|Any CPU.ActiveCfg = Release|Any CPU
		{D2C80E4B-1117-4F02-AB02-E453BDA0C58E}.Release|Any CPU.Build.0 = Release|Any CPU
		{B1D90742-39BD-429C-8E87-C5CD2991DF27}.Debug|Any CPU.ActiveCfg = Debug|Any CPU
		{B1D90742-39BD-429C-8E87-C5CD2991DF27}.Debug|Any CPU.Build.0 = Debug|Any CPU
		{B1D90742-39BD-429C-8E87-C5CD2991DF27}.Release|Any CPU.ActiveCfg = Release|Any CPU
		{B1D90742-39BD-429C-8E87-C5CD2991DF27}.Release|Any CPU.Build.0 = Release|Any CPU
		{9D3015EE-5B84-41B3-A1D3-1A439370C392}.Debug|Any CPU.ActiveCfg = Debug|Any CPU
		{9D3015EE-5B84-41B3-A1D3-1A439370C392}.Debug|Any CPU.Build.0 = Debug|Any CPU
		{9D3015EE-5B84-41B3-A1D3-1A439370C392}.Release|Any CPU.ActiveCfg = Release|Any CPU
		{9D3015EE-5B84-41B3-A1D3-1A439370C392}.Release|Any CPU.Build.0 = Release|Any CPU
		{E4041712-A1F1-479D-A7F7-89F491066163}.Debug|Any CPU.ActiveCfg = Debug|Any CPU
		{E4041712-A1F1-479D-A7F7-89F491066163}.Debug|Any CPU.Build.0 = Debug|Any CPU
		{E4041712-A1F1-479D-A7F7-89F491066163}.Release|Any CPU.ActiveCfg = Release|Any CPU
		{E4041712-A1F1-479D-A7F7-89F491066163}.Release|Any CPU.Build.0 = Release|Any CPU
		{D4AE483A-D4E1-4892-AF87-3607FBA8755F}.Debug|Any CPU.ActiveCfg = Debug|Any CPU
		{D4AE483A-D4E1-4892-AF87-3607FBA8755F}.Debug|Any CPU.Build.0 = Debug|Any CPU
		{D4AE483A-D4E1-4892-AF87-3607FBA8755F}.Release|Any CPU.ActiveCfg = Release|Any CPU
		{D4AE483A-D4E1-4892-AF87-3607FBA8755F}.Release|Any CPU.Build.0 = Release|Any CPU
		{E1F5F8D3-4AC4-4BB0-9438-2BF41768B473}.Debug|Any CPU.ActiveCfg = Debug|Any CPU
		{E1F5F8D3-4AC4-4BB0-9438-2BF41768B473}.Debug|Any CPU.Build.0 = Debug|Any CPU
		{E1F5F8D3-4AC4-4BB0-9438-2BF41768B473}.Release|Any CPU.ActiveCfg = Release|Any CPU
		{E1F5F8D3-4AC4-4BB0-9438-2BF41768B473}.Release|Any CPU.Build.0 = Release|Any CPU
		{0D6B575A-93B4-4944-B4C0-68CDD413B904}.Debug|Any CPU.ActiveCfg = Debug|Any CPU
		{0D6B575A-93B4-4944-B4C0-68CDD413B904}.Debug|Any CPU.Build.0 = Debug|Any CPU
		{0D6B575A-93B4-4944-B4C0-68CDD413B904}.Release|Any CPU.ActiveCfg = Release|Any CPU
		{0D6B575A-93B4-4944-B4C0-68CDD413B904}.Release|Any CPU.Build.0 = Release|Any CPU
		{9667833E-A037-41C9-A3BC-D218903EF670}.Debug|Any CPU.ActiveCfg = Debug|Any CPU
		{9667833E-A037-41C9-A3BC-D218903EF670}.Debug|Any CPU.Build.0 = Debug|Any CPU
		{9667833E-A037-41C9-A3BC-D218903EF670}.Release|Any CPU.ActiveCfg = Release|Any CPU
		{9667833E-A037-41C9-A3BC-D218903EF670}.Release|Any CPU.Build.0 = Release|Any CPU
		{7CD5F602-368E-41E3-8C61-42093CB12D70}.Debug|Any CPU.ActiveCfg = Debug|Any CPU
		{7CD5F602-368E-41E3-8C61-42093CB12D70}.Debug|Any CPU.Build.0 = Debug|Any CPU
		{7CD5F602-368E-41E3-8C61-42093CB12D70}.Release|Any CPU.ActiveCfg = Release|Any CPU
		{7CD5F602-368E-41E3-8C61-42093CB12D70}.Release|Any CPU.Build.0 = Release|Any CPU
		{5BD1B0BA-6DD3-4619-B5E0-4FFF19F941C2}.Debug|Any CPU.ActiveCfg = Debug|Any CPU
		{5BD1B0BA-6DD3-4619-B5E0-4FFF19F941C2}.Debug|Any CPU.Build.0 = Debug|Any CPU
		{5BD1B0BA-6DD3-4619-B5E0-4FFF19F941C2}.Release|Any CPU.ActiveCfg = Release|Any CPU
		{5BD1B0BA-6DD3-4619-B5E0-4FFF19F941C2}.Release|Any CPU.Build.0 = Release|Any CPU
		{CD357A8B-BE40-4F63-92DA-A71B94EE47E4}.Debug|Any CPU.ActiveCfg = Debug|Any CPU
		{CD357A8B-BE40-4F63-92DA-A71B94EE47E4}.Debug|Any CPU.Build.0 = Debug|Any CPU
		{CD357A8B-BE40-4F63-92DA-A71B94EE47E4}.Release|Any CPU.ActiveCfg = Release|Any CPU
		{CD357A8B-BE40-4F63-92DA-A71B94EE47E4}.Release|Any CPU.Build.0 = Release|Any CPU
		{E79A3CCD-07E2-4C50-B8BF-1C5844720725}.Debug|Any CPU.ActiveCfg = Debug|Any CPU
		{E79A3CCD-07E2-4C50-B8BF-1C5844720725}.Debug|Any CPU.Build.0 = Debug|Any CPU
		{E79A3CCD-07E2-4C50-B8BF-1C5844720725}.Release|Any CPU.ActiveCfg = Release|Any CPU
		{E79A3CCD-07E2-4C50-B8BF-1C5844720725}.Release|Any CPU.Build.0 = Release|Any CPU
		{48DF1E40-93BA-436A-B460-5D1130316ADA}.Debug|Any CPU.ActiveCfg = Debug|Any CPU
		{48DF1E40-93BA-436A-B460-5D1130316ADA}.Debug|Any CPU.Build.0 = Debug|Any CPU
		{48DF1E40-93BA-436A-B460-5D1130316ADA}.Release|Any CPU.ActiveCfg = Release|Any CPU
		{48DF1E40-93BA-436A-B460-5D1130316ADA}.Release|Any CPU.Build.0 = Release|Any CPU
		{2F9D8932-2186-464F-BED6-7D7979C8FFA6}.Debug|Any CPU.ActiveCfg = Debug|Any CPU
		{2F9D8932-2186-464F-BED6-7D7979C8FFA6}.Debug|Any CPU.Build.0 = Debug|Any CPU
		{2F9D8932-2186-464F-BED6-7D7979C8FFA6}.Release|Any CPU.ActiveCfg = Release|Any CPU
		{2F9D8932-2186-464F-BED6-7D7979C8FFA6}.Release|Any CPU.Build.0 = Release|Any CPU
		{93D182B7-2F63-4661-BB32-94F1716CF03F}.Debug|Any CPU.ActiveCfg = Debug|Any CPU
		{93D182B7-2F63-4661-BB32-94F1716CF03F}.Debug|Any CPU.Build.0 = Debug|Any CPU
		{93D182B7-2F63-4661-BB32-94F1716CF03F}.Release|Any CPU.ActiveCfg = Release|Any CPU
		{93D182B7-2F63-4661-BB32-94F1716CF03F}.Release|Any CPU.Build.0 = Release|Any CPU
		{2448CE80-59AA-41B7-83A0-768BE5520F7A}.Debug|Any CPU.ActiveCfg = Debug|Any CPU
		{2448CE80-59AA-41B7-83A0-768BE5520F7A}.Debug|Any CPU.Build.0 = Debug|Any CPU
		{2448CE80-59AA-41B7-83A0-768BE5520F7A}.Release|Any CPU.ActiveCfg = Release|Any CPU
		{2448CE80-59AA-41B7-83A0-768BE5520F7A}.Release|Any CPU.Build.0 = Release|Any CPU
		{56416AD9-8E7B-4F72-B0E1-E75A024431F8}.Debug|Any CPU.ActiveCfg = Debug|Any CPU
		{56416AD9-8E7B-4F72-B0E1-E75A024431F8}.Debug|Any CPU.Build.0 = Debug|Any CPU
		{56416AD9-8E7B-4F72-B0E1-E75A024431F8}.Release|Any CPU.ActiveCfg = Release|Any CPU
		{56416AD9-8E7B-4F72-B0E1-E75A024431F8}.Release|Any CPU.Build.0 = Release|Any CPU
		{8AFBB856-700A-4CCC-AE0E-9B622178E1E0}.Debug|Any CPU.ActiveCfg = Debug|Any CPU
		{8AFBB856-700A-4CCC-AE0E-9B622178E1E0}.Debug|Any CPU.Build.0 = Debug|Any CPU
		{8AFBB856-700A-4CCC-AE0E-9B622178E1E0}.Release|Any CPU.ActiveCfg = Release|Any CPU
		{8AFBB856-700A-4CCC-AE0E-9B622178E1E0}.Release|Any CPU.Build.0 = Release|Any CPU
		{0555B97D-E918-455B-951C-74EFCDA8790A}.Debug|Any CPU.ActiveCfg = Debug|Any CPU
		{0555B97D-E918-455B-951C-74EFCDA8790A}.Debug|Any CPU.Build.0 = Debug|Any CPU
		{0555B97D-E918-455B-951C-74EFCDA8790A}.Release|Any CPU.ActiveCfg = Release|Any CPU
		{0555B97D-E918-455B-951C-74EFCDA8790A}.Release|Any CPU.Build.0 = Release|Any CPU
		{71DE0F2C-C72B-4CBF-99BE-F2DC0FBEDA24}.Debug|Any CPU.ActiveCfg = Debug|Any CPU
		{71DE0F2C-C72B-4CBF-99BE-F2DC0FBEDA24}.Debug|Any CPU.Build.0 = Debug|Any CPU
		{71DE0F2C-C72B-4CBF-99BE-F2DC0FBEDA24}.Release|Any CPU.ActiveCfg = Release|Any CPU
		{71DE0F2C-C72B-4CBF-99BE-F2DC0FBEDA24}.Release|Any CPU.Build.0 = Release|Any CPU
		{49E8B583-37C2-4166-8007-3DB780D01004}.Debug|Any CPU.ActiveCfg = Debug|Any CPU
		{49E8B583-37C2-4166-8007-3DB780D01004}.Debug|Any CPU.Build.0 = Debug|Any CPU
		{49E8B583-37C2-4166-8007-3DB780D01004}.Release|Any CPU.ActiveCfg = Release|Any CPU
		{49E8B583-37C2-4166-8007-3DB780D01004}.Release|Any CPU.Build.0 = Release|Any CPU
		{B22FEE5B-83D4-4021-B066-1B958332D391}.Debug|Any CPU.ActiveCfg = Debug|Any CPU
		{B22FEE5B-83D4-4021-B066-1B958332D391}.Debug|Any CPU.Build.0 = Debug|Any CPU
		{B22FEE5B-83D4-4021-B066-1B958332D391}.Release|Any CPU.ActiveCfg = Release|Any CPU
		{B22FEE5B-83D4-4021-B066-1B958332D391}.Release|Any CPU.Build.0 = Release|Any CPU
		{9D9CAD66-8EDF-4ED0-A222-503BE9B21EC7}.Debug|Any CPU.ActiveCfg = Debug|Any CPU
		{9D9CAD66-8EDF-4ED0-A222-503BE9B21EC7}.Debug|Any CPU.Build.0 = Debug|Any CPU
		{9D9CAD66-8EDF-4ED0-A222-503BE9B21EC7}.Release|Any CPU.ActiveCfg = Release|Any CPU
		{9D9CAD66-8EDF-4ED0-A222-503BE9B21EC7}.Release|Any CPU.Build.0 = Release|Any CPU
		{6605DA54-EBF4-4ED1-B5BC-B607AD0CE308}.Debug|Any CPU.ActiveCfg = Debug|Any CPU
		{6605DA54-EBF4-4ED1-B5BC-B607AD0CE308}.Debug|Any CPU.Build.0 = Debug|Any CPU
		{6605DA54-EBF4-4ED1-B5BC-B607AD0CE308}.Release|Any CPU.ActiveCfg = Release|Any CPU
		{6605DA54-EBF4-4ED1-B5BC-B607AD0CE308}.Release|Any CPU.Build.0 = Release|Any CPU
		{4FCFAF1C-1579-4A1C-BAF9-9627E39D7CDA}.Debug|Any CPU.ActiveCfg = Debug|Any CPU
		{4FCFAF1C-1579-4A1C-BAF9-9627E39D7CDA}.Debug|Any CPU.Build.0 = Debug|Any CPU
		{4FCFAF1C-1579-4A1C-BAF9-9627E39D7CDA}.Release|Any CPU.ActiveCfg = Release|Any CPU
		{4FCFAF1C-1579-4A1C-BAF9-9627E39D7CDA}.Release|Any CPU.Build.0 = Release|Any CPU
		{89258A3E-5B62-487A-9AE7-D7672CBF61F1}.Debug|Any CPU.ActiveCfg = Debug|Any CPU
		{89258A3E-5B62-487A-9AE7-D7672CBF61F1}.Debug|Any CPU.Build.0 = Debug|Any CPU
		{89258A3E-5B62-487A-9AE7-D7672CBF61F1}.Release|Any CPU.ActiveCfg = Release|Any CPU
		{89258A3E-5B62-487A-9AE7-D7672CBF61F1}.Release|Any CPU.Build.0 = Release|Any CPU
		{608AA86D-4090-33CA-0031-BD324E5A766E}.Debug|Any CPU.ActiveCfg = Debug|Any CPU
		{608AA86D-4090-33CA-0031-BD324E5A766E}.Debug|Any CPU.Build.0 = Debug|Any CPU
		{608AA86D-4090-33CA-0031-BD324E5A766E}.Release|Any CPU.ActiveCfg = Release|Any CPU
		{608AA86D-4090-33CA-0031-BD324E5A766E}.Release|Any CPU.Build.0 = Release|Any CPU
	EndGlobalSection
	GlobalSection(SolutionProperties) = preSolution
		HideSolutionNode = FALSE
	EndGlobalSection
	GlobalSection(NestedProjects) = preSolution
		{A972031D-2F61-4183-AF75-99EE1A9F6B32} = {49D441DF-39FD-4F4D-AECA-86CF8EFE23AF}
		{775FAD50-3623-4922-97C4-DFB29A8BE4C7} = {31B45C4C-206F-4F31-9CC6-33BF11DFEE39}
		{372A3447-D657-40FF-A089-77C19FEC30C8} = {31B45C4C-206F-4F31-9CC6-33BF11DFEE39}
		{D694CB69-6CFB-4762-86C2-EB27B808B282} = {31B45C4C-206F-4F31-9CC6-33BF11DFEE39}
		{43A219A8-2995-4884-806F-FDB9CD25D403} = {A972031D-2F61-4183-AF75-99EE1A9F6B32}
		{F3E87D0F-6F06-4C0B-AE06-42C0834C3C6E} = {A972031D-2F61-4183-AF75-99EE1A9F6B32}
		{D2C80E4B-1117-4F02-AB02-E453BDA0C58E} = {37D508B2-91E0-4B32-869B-DFF9E68EA213}
		{B1D90742-39BD-429C-8E87-C5CD2991DF27} = {37D508B2-91E0-4B32-869B-DFF9E68EA213}
		{4FDF7BFA-A337-41D3-898D-C6A98278E6AD} = {49D441DF-39FD-4F4D-AECA-86CF8EFE23AF}
		{9A7C8370-ED1F-486F-A8F5-C5BF4221464E} = {A972031D-2F61-4183-AF75-99EE1A9F6B32}
		{9D3015EE-5B84-41B3-A1D3-1A439370C392} = {37D508B2-91E0-4B32-869B-DFF9E68EA213}
		{068F6CA9-6108-4F45-8540-351AA5227259} = {4FDF7BFA-A337-41D3-898D-C6A98278E6AD}
		{1704B7B2-5AD3-44EA-AB26-445C4E4E2C54} = {31B45C4C-206F-4F31-9CC6-33BF11DFEE39}
		{E4041712-A1F1-479D-A7F7-89F491066163} = {1704B7B2-5AD3-44EA-AB26-445C4E4E2C54}
		{D4AE483A-D4E1-4892-AF87-3607FBA8755F} = {1704B7B2-5AD3-44EA-AB26-445C4E4E2C54}
		{E1F5F8D3-4AC4-4BB0-9438-2BF41768B473} = {576DB1E6-C5EC-4FEF-A826-EC19D8BEE572}
		{0D6B575A-93B4-4944-B4C0-68CDD413B904} = {576DB1E6-C5EC-4FEF-A826-EC19D8BEE572}
		{9667833E-A037-41C9-A3BC-D218903EF670} = {576DB1E6-C5EC-4FEF-A826-EC19D8BEE572}
		{7CD5F602-368E-41E3-8C61-42093CB12D70} = {37D508B2-91E0-4B32-869B-DFF9E68EA213}
		{5BD1B0BA-6DD3-4619-B5E0-4FFF19F941C2} = {37D508B2-91E0-4B32-869B-DFF9E68EA213}
		{B25157A1-B3CD-40FB-89F2-A7206C0B553A} = {49D441DF-39FD-4F4D-AECA-86CF8EFE23AF}
		{9375E2BF-5AF9-4773-A5D1-EA16D9006940} = {B25157A1-B3CD-40FB-89F2-A7206C0B553A}
		{0F76DA4A-58B9-4B45-BEC5-259105570D11} = {49D441DF-39FD-4F4D-AECA-86CF8EFE23AF}
		{CD357A8B-BE40-4F63-92DA-A71B94EE47E4} = {1704B7B2-5AD3-44EA-AB26-445C4E4E2C54}
		{E79A3CCD-07E2-4C50-B8BF-1C5844720725} = {37D508B2-91E0-4B32-869B-DFF9E68EA213}
		{48DF1E40-93BA-436A-B460-5D1130316ADA} = {37D508B2-91E0-4B32-869B-DFF9E68EA213}
		{2F9D8932-2186-464F-BED6-7D7979C8FFA6} = {37D508B2-91E0-4B32-869B-DFF9E68EA213}
		{93D182B7-2F63-4661-BB32-94F1716CF03F} = {37D508B2-91E0-4B32-869B-DFF9E68EA213}
		{D31607D2-D689-488B-9F9F-92F47AC1D7F6} = {37D508B2-91E0-4B32-869B-DFF9E68EA213}
		{2448CE80-59AA-41B7-83A0-768BE5520F7A} = {D31607D2-D689-488B-9F9F-92F47AC1D7F6}
		{56416AD9-8E7B-4F72-B0E1-E75A024431F8} = {D31607D2-D689-488B-9F9F-92F47AC1D7F6}
		{8AFBB856-700A-4CCC-AE0E-9B622178E1E0} = {D31607D2-D689-488B-9F9F-92F47AC1D7F6}
		{0555B97D-E918-455B-951C-74EFCDA8790A} = {D31607D2-D689-488B-9F9F-92F47AC1D7F6}
		{71DE0F2C-C72B-4CBF-99BE-F2DC0FBEDA24} = {3B30D2E5-1587-4D68-B848-1BDDB3C24BFC}
		{49E8B583-37C2-4166-8007-3DB780D01004} = {3B30D2E5-1587-4D68-B848-1BDDB3C24BFC}
		{B22FEE5B-83D4-4021-B066-1B958332D391} = {3B30D2E5-1587-4D68-B848-1BDDB3C24BFC}
		{9D9CAD66-8EDF-4ED0-A222-503BE9B21EC7} = {3B30D2E5-1587-4D68-B848-1BDDB3C24BFC}
		{6605DA54-EBF4-4ED1-B5BC-B607AD0CE308} = {3B30D2E5-1587-4D68-B848-1BDDB3C24BFC}
		{4FCFAF1C-1579-4A1C-BAF9-9627E39D7CDA} = {3B30D2E5-1587-4D68-B848-1BDDB3C24BFC}
		{89258A3E-5B62-487A-9AE7-D7672CBF61F1} = {3B30D2E5-1587-4D68-B848-1BDDB3C24BFC}
		{608AA86D-4090-33CA-0031-BD324E5A766E} = {37D508B2-91E0-4B32-869B-DFF9E68EA213}
	EndGlobalSection
	GlobalSection(ExtensibilityGlobals) = postSolution
		SolutionGuid = {D8E4FC26-5422-4C51-8BBC-D1AC0A578711}
	EndGlobalSection
	GlobalSection(MonoDevelopProperties) = preSolution
		StartupItem = src\NUnitFramework\tests\nunitlite.tests-2.0.csproj
		{28B605B2-E2E9-417E-8369-49E263F1F31B} = {31B45C4C-206F-4F31-9CC6-33BF11DFEE39}
		{FFF45826-991F-465B-8A03-0E1DB7E8F38C} = {31B45C4C-206F-4F31-9CC6-33BF11DFEE39}
		{11640C9F-03A3-456B-848D-9B4A126F9506} = {31B45C4C-206F-4F31-9CC6-33BF11DFEE39}
	EndGlobalSection
EndGlobal
