
Microsoft Visual Studio Solution File, Format Version 12.00
# Visual Studio 15
VisualStudioVersion = 15.0.26228.10
MinimumVisualStudioVersion = 10.0.40219.1
Project("{2150E333-8FDC-42A3-9474-1A3956D46DE8}") = "Solution Items", "Solution Items", "{49D441DF-39FD-4F4D-AECA-86CF8EFE23AF}"
	ProjectSection(SolutionItems) = preProject
		.editorconfig = .editorconfig
		.gitattributes = .gitattributes
		.gitignore = .gitignore
		.travis.yml = .travis.yml
		appveyor.yml = appveyor.yml
		build.cake = build.cake
		BUILDING.md = BUILDING.md
		CHANGES.txt = CHANGES.txt
		CONTRIBUTING.md = CONTRIBUTING.md
		LICENSE.txt = LICENSE.txt
		NOTICES.txt = NOTICES.txt
		NuGet.config = NuGet.config
		nunit.ico = nunit.ico
		README.md = README.md
	EndProjectSection
EndProject
Project("{9A19103F-16F7-4668-BE54-9A1E7A4F7556}") = "nunit.engine.tests.netstandard", "src\NUnitEngine\nunit.engine.tests.netstandard\nunit.engine.tests.netstandard.csproj", "{BC22F0E4-0862-4F82-A912-C9A447FECBAD}"
EndProject
Project("{9A19103F-16F7-4668-BE54-9A1E7A4F7556}") = "mock-assembly.netstandard", "src\NUnitEngine\mock-assembly\mock-assembly.netstandard.csproj", "{BC6C8155-2024-4F58-A006-18A15EA22A5C}"
EndProject
Project("{9A19103F-16F7-4668-BE54-9A1E7A4F7556}") = "nunit.engine.netstandard", "src\NUnitEngine\nunit.engine.netstandard\nunit.engine.netstandard.csproj", "{C26FFC46-60CE-4CBA-87BD-8E9B972C0E0D}"
EndProject
Global
	GlobalSection(SolutionConfigurationPlatforms) = preSolution
		Debug|Any CPU = Debug|Any CPU
		Release|Any CPU = Release|Any CPU
	EndGlobalSection
	GlobalSection(ProjectConfigurationPlatforms) = postSolution
		{BC22F0E4-0862-4F82-A912-C9A447FECBAD}.Debug|Any CPU.ActiveCfg = Debug|Any CPU
		{BC22F0E4-0862-4F82-A912-C9A447FECBAD}.Debug|Any CPU.Build.0 = Debug|Any CPU
		{BC22F0E4-0862-4F82-A912-C9A447FECBAD}.Release|Any CPU.ActiveCfg = Release|Any CPU
		{BC22F0E4-0862-4F82-A912-C9A447FECBAD}.Release|Any CPU.Build.0 = Release|Any CPU
		{BC6C8155-2024-4F58-A006-18A15EA22A5C}.Debug|Any CPU.ActiveCfg = Debug|Any CPU
		{BC6C8155-2024-4F58-A006-18A15EA22A5C}.Debug|Any CPU.Build.0 = Debug|Any CPU
		{BC6C8155-2024-4F58-A006-18A15EA22A5C}.Release|Any CPU.ActiveCfg = Release|Any CPU
		{BC6C8155-2024-4F58-A006-18A15EA22A5C}.Release|Any CPU.Build.0 = Release|Any CPU
		{C26FFC46-60CE-4CBA-87BD-8E9B972C0E0D}.Debug|Any CPU.ActiveCfg = Debug|Any CPU
		{C26FFC46-60CE-4CBA-87BD-8E9B972C0E0D}.Debug|Any CPU.Build.0 = Debug|Any CPU
		{C26FFC46-60CE-4CBA-87BD-8E9B972C0E0D}.Release|Any CPU.ActiveCfg = Release|Any CPU
		{C26FFC46-60CE-4CBA-87BD-8E9B972C0E0D}.Release|Any CPU.Build.0 = Release|Any CPU
	EndGlobalSection
	GlobalSection(SolutionProperties) = preSolution
		HideSolutionNode = FALSE
	EndGlobalSection
	GlobalSection(MonoDevelopProperties) = preSolution
		StartupItem = src\NUnitFramework\tests\nunitlite.tests-2.0.csproj
		{28B605B2-E2E9-417E-8369-49E263F1F31B} = {31B45C4C-206F-4F31-9CC6-33BF11DFEE39}
		{FFF45826-991F-465B-8A03-0E1DB7E8F38C} = {31B45C4C-206F-4F31-9CC6-33BF11DFEE39}
		{11640C9F-03A3-456B-848D-9B4A126F9506} = {31B45C4C-206F-4F31-9CC6-33BF11DFEE39}
	EndGlobalSection
EndGlobal
